
Microsoft Visual Studio Solution File, Format Version 12.00
# Visual Studio Version 16
VisualStudioVersion = 16.0.30225.117
MinimumVisualStudioVersion = 10.0.40219.1
Project("{FAE04EC0-301F-11D3-BF4B-00C04F79EFBC}") = "Hello GitHub", "Hello GitHub\Hello GitHub.csproj", "{5C3AB22F-C140-4A7F-8D8E-9EEC4747D68A}"
EndProject
Global
	GlobalSection(SolutionConfigurationPlatforms) = preSolution
		Debug|Any CPU = Debug|Any CPU
		Release|Any CPU = Release|Any CPU
	EndGlobalSection
	GlobalSection(ProjectConfigurationPlatforms) = postSolution
		{5C3AB22F-C140-4A7F-8D8E-9EEC4747D68A}.Debug|Any CPU.ActiveCfg = Debug|Any CPU
		{5C3AB22F-C140-4A7F-8D8E-9EEC4747D68A}.Debug|Any CPU.Build.0 = Debug|Any CPU
		{5C3AB22F-C140-4A7F-8D8E-9EEC4747D68A}.Release|Any CPU.ActiveCfg = Release|Any CPU
		{5C3AB22F-C140-4A7F-8D8E-9EEC4747D68A}.Release|Any CPU.Build.0 = Release|Any CPU
	EndGlobalSection
	GlobalSection(SolutionProperties) = preSolution
		HideSolutionNode = FALSE
	EndGlobalSection
	GlobalSection(ExtensibilityGlobals) = postSolution
		SolutionGuid = {DFCEEC77-4630-4EE1-BFE5-4D774BD619C1}
	EndGlobalSection
EndGlobal
